
Microsoft Visual Studio Solution File, Format Version 12.00
# Visual Studio 15
VisualStudioVersion = 15.0.28307.572
MinimumVisualStudioVersion = 10.0.40219.1
Project("{FAE04EC0-301F-11D3-BF4B-00C04F79EFBC}") = "ProyectoFinalAplicadaI-JuanElias", "ProyectoFinalAplicadaI-JuanElias\ProyectoFinalAplicadaI-JuanElias.csproj", "{DF6DD05F-722C-429E-A997-F38CD69788A8}"
EndProject
Project("{FAE04EC0-301F-11D3-BF4B-00C04F79EFBC}") = "Entidades", "Entidades\Entidades.csproj", "{7AB920F2-BF4E-4BCB-9FB5-116230CEEFA0}"
EndProject
Project("{FAE04EC0-301F-11D3-BF4B-00C04F79EFBC}") = "DAL", "DAL\DAL.csproj", "{195874DC-A486-4BAC-A457-8B2444A19071}"
EndProject
Project("{FAE04EC0-301F-11D3-BF4B-00C04F79EFBC}") = "BLL", "BLL\BLL.csproj", "{FD9EDC2A-834A-45E1-9778-8EFFBF945910}"
EndProject
Global
	GlobalSection(SolutionConfigurationPlatforms) = preSolution
		Debug|Any CPU = Debug|Any CPU
		Release|Any CPU = Release|Any CPU
	EndGlobalSection
	GlobalSection(ProjectConfigurationPlatforms) = postSolution
		{DF6DD05F-722C-429E-A997-F38CD69788A8}.Debug|Any CPU.ActiveCfg = Debug|Any CPU
		{DF6DD05F-722C-429E-A997-F38CD69788A8}.Debug|Any CPU.Build.0 = Debug|Any CPU
		{DF6DD05F-722C-429E-A997-F38CD69788A8}.Release|Any CPU.ActiveCfg = Release|Any CPU
		{DF6DD05F-722C-429E-A997-F38CD69788A8}.Release|Any CPU.Build.0 = Release|Any CPU
		{7AB920F2-BF4E-4BCB-9FB5-116230CEEFA0}.Debug|Any CPU.ActiveCfg = Debug|Any CPU
		{7AB920F2-BF4E-4BCB-9FB5-116230CEEFA0}.Debug|Any CPU.Build.0 = Debug|Any CPU
		{7AB920F2-BF4E-4BCB-9FB5-116230CEEFA0}.Release|Any CPU.ActiveCfg = Release|Any CPU
		{7AB920F2-BF4E-4BCB-9FB5-116230CEEFA0}.Release|Any CPU.Build.0 = Release|Any CPU
		{195874DC-A486-4BAC-A457-8B2444A19071}.Debug|Any CPU.ActiveCfg = Debug|Any CPU
		{195874DC-A486-4BAC-A457-8B2444A19071}.Debug|Any CPU.Build.0 = Debug|Any CPU
		{195874DC-A486-4BAC-A457-8B2444A19071}.Release|Any CPU.ActiveCfg = Release|Any CPU
		{195874DC-A486-4BAC-A457-8B2444A19071}.Release|Any CPU.Build.0 = Release|Any CPU
		{FD9EDC2A-834A-45E1-9778-8EFFBF945910}.Debug|Any CPU.ActiveCfg = Debug|Any CPU
		{FD9EDC2A-834A-45E1-9778-8EFFBF945910}.Debug|Any CPU.Build.0 = Debug|Any CPU
		{FD9EDC2A-834A-45E1-9778-8EFFBF945910}.Release|Any CPU.ActiveCfg = Release|Any CPU
		{FD9EDC2A-834A-45E1-9778-8EFFBF945910}.Release|Any CPU.Build.0 = Release|Any CPU
	EndGlobalSection
	GlobalSection(SolutionProperties) = preSolution
		HideSolutionNode = FALSE
	EndGlobalSection
	GlobalSection(ExtensibilityGlobals) = postSolution
		SolutionGuid = {8042817C-6527-482C-B56B-8A09DCA1162C}
	EndGlobalSection
EndGlobal
